// !$*UTF8*$!
{
	archiveVersion = 1;
	classes = {
	};
	objectVersion = 50;
	objects = {

/* Begin PBXBuildFile section */
		334F9B902282D409000652CD /* AppDelegate.m in Sources */ = {isa = PBXBuildFile; fileRef = 334F9B8F2282D409000652CD /* AppDelegate.m */; };
		334F9B982282D40B000652CD /* Assets.xcassets in Resources */ = {isa = PBXBuildFile; fileRef = 334F9B972282D40B000652CD /* Assets.xcassets */; };
		334F9B9E2282D40B000652CD /* main.m in Sources */ = {isa = PBXBuildFile; fileRef = 334F9B9D2282D40B000652CD /* main.m */; };
		33A3F958230C078F001A58EB /* newRigisterCustomListVC.m in Sources */ = {isa = PBXBuildFile; fileRef = 33A3F957230C078F001A58EB /* newRigisterCustomListVC.m */; };
		33A3F95A230C0C3D001A58EB /* newCustomList.html in Resources */ = {isa = PBXBuildFile; fileRef = 33A3F959230C0C3D001A58EB /* newCustomList.html */; };
		33A3F961230ECCC8001A58EB /* newDetail.html in Resources */ = {isa = PBXBuildFile; fileRef = 33A3F960230ECCC8001A58EB /* newDetail.html */; };
		33A3F963230F7C03001A58EB /* newResult.html in Resources */ = {isa = PBXBuildFile; fileRef = 33A3F962230F7C03001A58EB /* newResult.html */; };
		33CA548F22ADF4C300C1F8D9 /* libxml2.tbd in Frameworks */ = {isa = PBXBuildFile; fileRef = 33CA548E22ADF4C300C1F8D9 /* libxml2.tbd */; };
		33CA54C822AFA88700C1F8D9 /* customerList.html in Resources */ = {isa = PBXBuildFile; fileRef = 33CA54C722AFA88700C1F8D9 /* customerList.html */; };
		33CA54CC22AFB08C00C1F8D9 /* customerInfoCell.m in Sources */ = {isa = PBXBuildFile; fileRef = 33CA54CA22AFB08C00C1F8D9 /* customerInfoCell.m */; };
		33CA54CD22AFB08C00C1F8D9 /* customerInfoCell.xib in Resources */ = {isa = PBXBuildFile; fileRef = 33CA54CB22AFB08C00C1F8D9 /* customerInfoCell.xib */; };
		33D1670022B09787003EEE4F /* detail.html in Resources */ = {isa = PBXBuildFile; fileRef = 33D166FF22B09787003EEE4F /* detail.html */; };
		33D1670222B0A4EC003EEE4F /* detail2.html in Resources */ = {isa = PBXBuildFile; fileRef = 33D1670122B0A4EC003EEE4F /* detail2.html */; };
		33D1670722B0CEEE003EEE4F /* NSMutableURLRequest+header.m in Sources */ = {isa = PBXBuildFile; fileRef = 33D1670622B0CEEE003EEE4F /* NSMutableURLRequest+header.m */; };
		33D1673B22B0EE3E003EEE4F /* settingViewController.m in Sources */ = {isa = PBXBuildFile; fileRef = 33D1673A22B0EE3E003EEE4F /* settingViewController.m */; };
		33D1673F22B0F1A1003EEE4F /* launchViewController.m in Sources */ = {isa = PBXBuildFile; fileRef = 33D1673D22B0F1A1003EEE4F /* launchViewController.m */; };
		33D1674022B0F1A1003EEE4F /* launchViewController.xib in Resources */ = {isa = PBXBuildFile; fileRef = 33D1673E22B0F1A1003EEE4F /* launchViewController.xib */; };
		33D1679722B1E824003EEE4F /* LICENSE in Resources */ = {isa = PBXBuildFile; fileRef = 33D1677822B1E824003EEE4F /* LICENSE */; };
		33D1679822B1E824003EEE4F /* SDWebImageManager.m in Sources */ = {isa = PBXBuildFile; fileRef = 33D1677C22B1E824003EEE4F /* SDWebImageManager.m */; };
		33D1679922B1E824003EEE4F /* SDWebImageDecoder.m in Sources */ = {isa = PBXBuildFile; fileRef = 33D1677D22B1E824003EEE4F /* SDWebImageDecoder.m */; };
		33D1679A22B1E824003EEE4F /* UIImageView+HighlightedWebCache.m in Sources */ = {isa = PBXBuildFile; fileRef = 33D1677F22B1E824003EEE4F /* UIImageView+HighlightedWebCache.m */; };
		33D1679B22B1E824003EEE4F /* SDWebImageDownloader.m in Sources */ = {isa = PBXBuildFile; fileRef = 33D1678122B1E824003EEE4F /* SDWebImageDownloader.m */; };
		33D1679C22B1E824003EEE4F /* UIImage+GIF.m in Sources */ = {isa = PBXBuildFile; fileRef = 33D1678222B1E824003EEE4F /* UIImage+GIF.m */; };
		33D1679D22B1E824003EEE4F /* UIImage+MultiFormat.m in Sources */ = {isa = PBXBuildFile; fileRef = 33D1678422B1E824003EEE4F /* UIImage+MultiFormat.m */; };
		33D1679E22B1E824003EEE4F /* SDWebImageCompat.m in Sources */ = {isa = PBXBuildFile; fileRef = 33D1678522B1E824003EEE4F /* SDWebImageCompat.m */; };
		33D1679F22B1E824003EEE4F /* SDWebImagePrefetcher.m in Sources */ = {isa = PBXBuildFile; fileRef = 33D1678622B1E824003EEE4F /* SDWebImagePrefetcher.m */; };
		33D167A022B1E824003EEE4F /* SDImageCache.m in Sources */ = {isa = PBXBuildFile; fileRef = 33D1678822B1E824003EEE4F /* SDImageCache.m */; };
		33D167A122B1E824003EEE4F /* SDWebImageDownloaderOperation.m in Sources */ = {isa = PBXBuildFile; fileRef = 33D1678A22B1E824003EEE4F /* SDWebImageDownloaderOperation.m */; };
		33D167A222B1E824003EEE4F /* NSData+ImageContentType.m in Sources */ = {isa = PBXBuildFile; fileRef = 33D1678D22B1E824003EEE4F /* NSData+ImageContentType.m */; };
		33D167A322B1E824003EEE4F /* UIImageView+WebCache.m in Sources */ = {isa = PBXBuildFile; fileRef = 33D1678E22B1E824003EEE4F /* UIImageView+WebCache.m */; };
		33D167A422B1E824003EEE4F /* UIView+WebCacheOperation.m in Sources */ = {isa = PBXBuildFile; fileRef = 33D1679122B1E824003EEE4F /* UIView+WebCacheOperation.m */; };
		33D167A522B1E824003EEE4F /* UIButton+WebCache.m in Sources */ = {isa = PBXBuildFile; fileRef = 33D1679522B1E824003EEE4F /* UIButton+WebCache.m */; };
		33D167A722B1EA1D003EEE4F /* result.html in Resources */ = {isa = PBXBuildFile; fileRef = 33D167A622B1EA1D003EEE4F /* result.html */; };
		33D167A922B1F4DA003EEE4F /* result2.html in Resources */ = {isa = PBXBuildFile; fileRef = 33D167A822B1F4DA003EEE4F /* result2.html */; };
		33D167AB22B1F4E6003EEE4F /* result3.html in Resources */ = {isa = PBXBuildFile; fileRef = 33D167AA22B1F4E5003EEE4F /* result3.html */; };
		33ED6D4722B72A0700DE3003 /* heightSetViewController.m in Sources */ = {isa = PBXBuildFile; fileRef = 33ED6D4622B72A0700DE3003 /* heightSetViewController.m */; };
		33ED6D4A22B72A4800DE3003 /* baseViewController.m in Sources */ = {isa = PBXBuildFile; fileRef = 33ED6D4922B72A4800DE3003 /* baseViewController.m */; };
		33ED6D4D22B72BEB00DE3003 /* sortAndFilterViewController.m in Sources */ = {isa = PBXBuildFile; fileRef = 33ED6D4C22B72BEB00DE3003 /* sortAndFilterViewController.m */; };
		33ED6D9922B86EC100DE3003 /* WechatIMG43.jpeg in Resources */ = {isa = PBXBuildFile; fileRef = 33ED6D9822B86EC100DE3003 /* WechatIMG43.jpeg */; };
		33ED6D9C22B8718100DE3003 /* backArrow.m in Sources */ = {isa = PBXBuildFile; fileRef = 33ED6D9B22B8718100DE3003 /* backArrow.m */; };
		33ED6DDC22BA22B000DE3003 /* swyManage.m in Sources */ = {isa = PBXBuildFile; fileRef = 33ED6DDB22BA22B000DE3003 /* swyManage.m */; };
		33ED6DDE22BA2DF200DE3003 /* WechatIMG45.jpeg in Resources */ = {isa = PBXBuildFile; fileRef = 33ED6DDD22BA2DF200DE3003 /* WechatIMG45.jpeg */; };
		33ED6DE222BA356D00DE3003 /* heightSetCell.m in Sources */ = {isa = PBXBuildFile; fileRef = 33ED6DE022BA356D00DE3003 /* heightSetCell.m */; };
		33ED6DE322BA356D00DE3003 /* heightSetCell.xib in Resources */ = {isa = PBXBuildFile; fileRef = 33ED6DE122BA356D00DE3003 /* heightSetCell.xib */; };
		33ED6DE522BA462800DE3003 /* IMG_61332.JPG in Resources */ = {isa = PBXBuildFile; fileRef = 33ED6DE422BA462800DE3003 /* IMG_61332.JPG */; };
		33ED6DE922BA547500DE3003 /* launchView.xib in Resources */ = {isa = PBXBuildFile; fileRef = 33ED6DE822BA547500DE3003 /* launchView.xib */; };
		33ED6E4422BF172000DE3003 /* webViewController.m in Sources */ = {isa = PBXBuildFile; fileRef = 33ED6E4322BF172000DE3003 /* webViewController.m */; };
		33ED6E5822C1EA8E00DE3003 /* TFHpple.m in Sources */ = {isa = PBXBuildFile; fileRef = 33ED6E5322C1EA8E00DE3003 /* TFHpple.m */; };
		33ED6E5922C1EA8E00DE3003 /* TFHppleElement.m in Sources */ = {isa = PBXBuildFile; fileRef = 33ED6E5622C1EA8E00DE3003 /* TFHppleElement.m */; };
		33ED6E5A22C1EA8E00DE3003 /* XPathQuery.m in Sources */ = {isa = PBXBuildFile; fileRef = 33ED6E5722C1EA8E00DE3003 /* XPathQuery.m */; };
		33ED6E6122C20EF200DE3003 /* TFHppleElement+swy.m in Sources */ = {isa = PBXBuildFile; fileRef = 33ED6E6022C20EF200DE3003 /* TFHppleElement+swy.m */; };
		6EADDE334D7B48A539B200D5 /* libPods-swy.a in Frameworks */ = {isa = PBXBuildFile; fileRef = 502B5C77CCAFAA37D465305C /* libPods-swy.a */; };
		87E76EA522AE9FAA005E4EFE /* customerListViewController.m in Sources */ = {isa = PBXBuildFile; fileRef = 87E76EA322AE9FAA005E4EFE /* customerListViewController.m */; };
		87E76EA622AE9FAA005E4EFE /* customerListViewController.xib in Resources */ = {isa = PBXBuildFile; fileRef = 87E76EA422AE9FAA005E4EFE /* customerListViewController.xib */; };
		87E76EAA22AEA35A005E4EFE /* loginViewController.m in Sources */ = {isa = PBXBuildFile; fileRef = 87E76EA822AEA35A005E4EFE /* loginViewController.m */; };
		87E76EAB22AEA35A005E4EFE /* loginViewController.xib in Resources */ = {isa = PBXBuildFile; fileRef = 87E76EA922AEA35A005E4EFE /* loginViewController.xib */; };
/* End PBXBuildFile section */

/* Begin PBXFileReference section */
		334F9B8B2282D409000652CD /* swy.app */ = {isa = PBXFileReference; explicitFileType = wrapper.application; includeInIndex = 0; path = swy.app; sourceTree = BUILT_PRODUCTS_DIR; };
		334F9B8E2282D409000652CD /* AppDelegate.h */ = {isa = PBXFileReference; lastKnownFileType = sourcecode.c.h; path = AppDelegate.h; sourceTree = "<group>"; };
		334F9B8F2282D409000652CD /* AppDelegate.m */ = {isa = PBXFileReference; lastKnownFileType = sourcecode.c.objc; path = AppDelegate.m; sourceTree = "<group>"; };
		334F9B972282D40B000652CD /* Assets.xcassets */ = {isa = PBXFileReference; lastKnownFileType = folder.assetcatalog; path = Assets.xcassets; sourceTree = "<group>"; };
		334F9B9C2282D40B000652CD /* Info.plist */ = {isa = PBXFileReference; lastKnownFileType = text.plist.xml; path = Info.plist; sourceTree = "<group>"; };
		334F9B9D2282D40B000652CD /* main.m */ = {isa = PBXFileReference; lastKnownFileType = sourcecode.c.objc; path = main.m; sourceTree = "<group>"; };
		33A3F956230C078F001A58EB /* newRigisterCustomListVC.h */ = {isa = PBXFileReference; lastKnownFileType = sourcecode.c.h; path = newRigisterCustomListVC.h; sourceTree = "<group>"; };
		33A3F957230C078F001A58EB /* newRigisterCustomListVC.m */ = {isa = PBXFileReference; lastKnownFileType = sourcecode.c.objc; path = newRigisterCustomListVC.m; sourceTree = "<group>"; };
		33A3F959230C0C3D001A58EB /* newCustomList.html */ = {isa = PBXFileReference; fileEncoding = 4; lastKnownFileType = text.html; path = newCustomList.html; sourceTree = "<group>"; };
		33A3F960230ECCC8001A58EB /* newDetail.html */ = {isa = PBXFileReference; fileEncoding = 4; lastKnownFileType = text.html; path = newDetail.html; sourceTree = "<group>"; };
		33A3F962230F7C03001A58EB /* newResult.html */ = {isa = PBXFileReference; fileEncoding = 4; lastKnownFileType = text.html; path = newResult.html; sourceTree = "<group>"; };
		33CA548E22ADF4C300C1F8D9 /* libxml2.tbd */ = {isa = PBXFileReference; lastKnownFileType = "sourcecode.text-based-dylib-definition"; name = libxml2.tbd; path = usr/lib/libxml2.tbd; sourceTree = SDKROOT; };
		33CA549022ADF4CD00C1F8D9 /* libxml2.2.tbd */ = {isa = PBXFileReference; lastKnownFileType = "sourcecode.text-based-dylib-definition"; name = libxml2.2.tbd; path = usr/lib/libxml2.2.tbd; sourceTree = SDKROOT; };
		33CA54C722AFA88700C1F8D9 /* customerList.html */ = {isa = PBXFileReference; fileEncoding = 4; lastKnownFileType = text.html; path = customerList.html; sourceTree = "<group>"; };
		33CA54C922AFB08C00C1F8D9 /* customerInfoCell.h */ = {isa = PBXFileReference; lastKnownFileType = sourcecode.c.h; path = customerInfoCell.h; sourceTree = "<group>"; };
		33CA54CA22AFB08C00C1F8D9 /* customerInfoCell.m */ = {isa = PBXFileReference; lastKnownFileType = sourcecode.c.objc; path = customerInfoCell.m; sourceTree = "<group>"; };
		33CA54CB22AFB08C00C1F8D9 /* customerInfoCell.xib */ = {isa = PBXFileReference; lastKnownFileType = file.xib; path = customerInfoCell.xib; sourceTree = "<group>"; };
		33D166FF22B09787003EEE4F /* detail.html */ = {isa = PBXFileReference; fileEncoding = 4; lastKnownFileType = text.html; path = detail.html; sourceTree = "<group>"; };
		33D1670122B0A4EC003EEE4F /* detail2.html */ = {isa = PBXFileReference; fileEncoding = 4; lastKnownFileType = text.html; path = detail2.html; sourceTree = "<group>"; };
		33D1670522B0CEEE003EEE4F /* NSMutableURLRequest+header.h */ = {isa = PBXFileReference; lastKnownFileType = sourcecode.c.h; path = "NSMutableURLRequest+header.h"; sourceTree = "<group>"; };
		33D1670622B0CEEE003EEE4F /* NSMutableURLRequest+header.m */ = {isa = PBXFileReference; lastKnownFileType = sourcecode.c.objc; path = "NSMutableURLRequest+header.m"; sourceTree = "<group>"; };
		33D1673922B0EE3E003EEE4F /* settingViewController.h */ = {isa = PBXFileReference; lastKnownFileType = sourcecode.c.h; path = settingViewController.h; sourceTree = "<group>"; };
		33D1673A22B0EE3E003EEE4F /* settingViewController.m */ = {isa = PBXFileReference; lastKnownFileType = sourcecode.c.objc; path = settingViewController.m; sourceTree = "<group>"; };
		33D1673C22B0F1A1003EEE4F /* launchViewController.h */ = {isa = PBXFileReference; lastKnownFileType = sourcecode.c.h; path = launchViewController.h; sourceTree = "<group>"; };
		33D1673D22B0F1A1003EEE4F /* launchViewController.m */ = {isa = PBXFileReference; lastKnownFileType = sourcecode.c.objc; path = launchViewController.m; sourceTree = "<group>"; };
		33D1673E22B0F1A1003EEE4F /* launchViewController.xib */ = {isa = PBXFileReference; lastKnownFileType = file.xib; path = launchViewController.xib; sourceTree = "<group>"; };
		33D1677822B1E824003EEE4F /* LICENSE */ = {isa = PBXFileReference; fileEncoding = 4; lastKnownFileType = text; path = LICENSE; sourceTree = "<group>"; };
		33D1677A22B1E824003EEE4F /* UIImageView+WebCache.h */ = {isa = PBXFileReference; fileEncoding = 4; lastKnownFileType = sourcecode.c.h; path = "UIImageView+WebCache.h"; sourceTree = "<group>"; };
		33D1677B22B1E824003EEE4F /* NSData+ImageContentType.h */ = {isa = PBXFileReference; fileEncoding = 4; lastKnownFileType = sourcecode.c.h; path = "NSData+ImageContentType.h"; sourceTree = "<group>"; };
		33D1677C22B1E824003EEE4F /* SDWebImageManager.m */ = {isa = PBXFileReference; fileEncoding = 4; lastKnownFileType = sourcecode.c.objc; path = SDWebImageManager.m; sourceTree = "<group>"; };
		33D1677D22B1E824003EEE4F /* SDWebImageDecoder.m */ = {isa = PBXFileReference; fileEncoding = 4; lastKnownFileType = sourcecode.c.objc; path = SDWebImageDecoder.m; sourceTree = "<group>"; };
		33D1677E22B1E824003EEE4F /* SDWebImageDownloaderOperation.h */ = {isa = PBXFileReference; fileEncoding = 4; lastKnownFileType = sourcecode.c.h; path = SDWebImageDownloaderOperation.h; sourceTree = "<group>"; };
		33D1677F22B1E824003EEE4F /* UIImageView+HighlightedWebCache.m */ = {isa = PBXFileReference; fileEncoding = 4; lastKnownFileType = sourcecode.c.objc; path = "UIImageView+HighlightedWebCache.m"; sourceTree = "<group>"; };
		33D1678022B1E824003EEE4F /* SDImageCache.h */ = {isa = PBXFileReference; fileEncoding = 4; lastKnownFileType = sourcecode.c.h; path = SDImageCache.h; sourceTree = "<group>"; };
		33D1678122B1E824003EEE4F /* SDWebImageDownloader.m */ = {isa = PBXFileReference; fileEncoding = 4; lastKnownFileType = sourcecode.c.objc; path = SDWebImageDownloader.m; sourceTree = "<group>"; };
		33D1678222B1E824003EEE4F /* UIImage+GIF.m */ = {isa = PBXFileReference; fileEncoding = 4; lastKnownFileType = sourcecode.c.objc; path = "UIImage+GIF.m"; sourceTree = "<group>"; };
		33D1678322B1E824003EEE4F /* UIButton+WebCache.h */ = {isa = PBXFileReference; fileEncoding = 4; lastKnownFileType = sourcecode.c.h; path = "UIButton+WebCache.h"; sourceTree = "<group>"; };
		33D1678422B1E824003EEE4F /* UIImage+MultiFormat.m */ = {isa = PBXFileReference; fileEncoding = 4; lastKnownFileType = sourcecode.c.objc; path = "UIImage+MultiFormat.m"; sourceTree = "<group>"; };
		33D1678522B1E824003EEE4F /* SDWebImageCompat.m */ = {isa = PBXFileReference; fileEncoding = 4; lastKnownFileType = sourcecode.c.objc; path = SDWebImageCompat.m; sourceTree = "<group>"; };
		33D1678622B1E824003EEE4F /* SDWebImagePrefetcher.m */ = {isa = PBXFileReference; fileEncoding = 4; lastKnownFileType = sourcecode.c.objc; path = SDWebImagePrefetcher.m; sourceTree = "<group>"; };
		33D1678722B1E824003EEE4F /* UIView+WebCacheOperation.h */ = {isa = PBXFileReference; fileEncoding = 4; lastKnownFileType = sourcecode.c.h; path = "UIView+WebCacheOperation.h"; sourceTree = "<group>"; };
		33D1678822B1E824003EEE4F /* SDImageCache.m */ = {isa = PBXFileReference; fileEncoding = 4; lastKnownFileType = sourcecode.c.objc; path = SDImageCache.m; sourceTree = "<group>"; };
		33D1678922B1E824003EEE4F /* UIImageView+HighlightedWebCache.h */ = {isa = PBXFileReference; fileEncoding = 4; lastKnownFileType = sourcecode.c.h; path = "UIImageView+HighlightedWebCache.h"; sourceTree = "<group>"; };
		33D1678A22B1E824003EEE4F /* SDWebImageDownloaderOperation.m */ = {isa = PBXFileReference; fileEncoding = 4; lastKnownFileType = sourcecode.c.objc; path = SDWebImageDownloaderOperation.m; sourceTree = "<group>"; };
		33D1678B22B1E824003EEE4F /* SDWebImageDecoder.h */ = {isa = PBXFileReference; fileEncoding = 4; lastKnownFileType = sourcecode.c.h; path = SDWebImageDecoder.h; sourceTree = "<group>"; };
		33D1678C22B1E824003EEE4F /* SDWebImageManager.h */ = {isa = PBXFileReference; fileEncoding = 4; lastKnownFileType = sourcecode.c.h; path = SDWebImageManager.h; sourceTree = "<group>"; };
		33D1678D22B1E824003EEE4F /* NSData+ImageContentType.m */ = {isa = PBXFileReference; fileEncoding = 4; lastKnownFileType = sourcecode.c.objc; path = "NSData+ImageContentType.m"; sourceTree = "<group>"; };
		33D1678E22B1E824003EEE4F /* UIImageView+WebCache.m */ = {isa = PBXFileReference; fileEncoding = 4; lastKnownFileType = sourcecode.c.objc; path = "UIImageView+WebCache.m"; sourceTree = "<group>"; };
		33D1678F22B1E824003EEE4F /* SDWebImageOperation.h */ = {isa = PBXFileReference; fileEncoding = 4; lastKnownFileType = sourcecode.c.h; path = SDWebImageOperation.h; sourceTree = "<group>"; };
		33D1679022B1E824003EEE4F /* SDWebImageDownloader.h */ = {isa = PBXFileReference; fileEncoding = 4; lastKnownFileType = sourcecode.c.h; path = SDWebImageDownloader.h; sourceTree = "<group>"; };
		33D1679122B1E824003EEE4F /* UIView+WebCacheOperation.m */ = {isa = PBXFileReference; fileEncoding = 4; lastKnownFileType = sourcecode.c.objc; path = "UIView+WebCacheOperation.m"; sourceTree = "<group>"; };
		33D1679222B1E824003EEE4F /* SDWebImagePrefetcher.h */ = {isa = PBXFileReference; fileEncoding = 4; lastKnownFileType = sourcecode.c.h; path = SDWebImagePrefetcher.h; sourceTree = "<group>"; };
		33D1679322B1E824003EEE4F /* SDWebImageCompat.h */ = {isa = PBXFileReference; fileEncoding = 4; lastKnownFileType = sourcecode.c.h; path = SDWebImageCompat.h; sourceTree = "<group>"; };
		33D1679422B1E824003EEE4F /* UIImage+MultiFormat.h */ = {isa = PBXFileReference; fileEncoding = 4; lastKnownFileType = sourcecode.c.h; path = "UIImage+MultiFormat.h"; sourceTree = "<group>"; };
		33D1679522B1E824003EEE4F /* UIButton+WebCache.m */ = {isa = PBXFileReference; fileEncoding = 4; lastKnownFileType = sourcecode.c.objc; path = "UIButton+WebCache.m"; sourceTree = "<group>"; };
		33D1679622B1E824003EEE4F /* UIImage+GIF.h */ = {isa = PBXFileReference; fileEncoding = 4; lastKnownFileType = sourcecode.c.h; path = "UIImage+GIF.h"; sourceTree = "<group>"; };
		33D167A622B1EA1D003EEE4F /* result.html */ = {isa = PBXFileReference; fileEncoding = 4; lastKnownFileType = text.html; path = result.html; sourceTree = "<group>"; };
		33D167A822B1F4DA003EEE4F /* result2.html */ = {isa = PBXFileReference; fileEncoding = 4; lastKnownFileType = text.html; path = result2.html; sourceTree = "<group>"; };
		33D167AA22B1F4E5003EEE4F /* result3.html */ = {isa = PBXFileReference; fileEncoding = 4; lastKnownFileType = text.html; path = result3.html; sourceTree = "<group>"; };
		33ED6D4522B72A0700DE3003 /* heightSetViewController.h */ = {isa = PBXFileReference; lastKnownFileType = sourcecode.c.h; path = heightSetViewController.h; sourceTree = "<group>"; };
		33ED6D4622B72A0700DE3003 /* heightSetViewController.m */ = {isa = PBXFileReference; lastKnownFileType = sourcecode.c.objc; path = heightSetViewController.m; sourceTree = "<group>"; };
		33ED6D4822B72A4800DE3003 /* baseViewController.h */ = {isa = PBXFileReference; lastKnownFileType = sourcecode.c.h; path = baseViewController.h; sourceTree = "<group>"; };
		33ED6D4922B72A4800DE3003 /* baseViewController.m */ = {isa = PBXFileReference; lastKnownFileType = sourcecode.c.objc; path = baseViewController.m; sourceTree = "<group>"; };
		33ED6D4B22B72BEB00DE3003 /* sortAndFilterViewController.h */ = {isa = PBXFileReference; lastKnownFileType = sourcecode.c.h; path = sortAndFilterViewController.h; sourceTree = "<group>"; };
		33ED6D4C22B72BEB00DE3003 /* sortAndFilterViewController.m */ = {isa = PBXFileReference; lastKnownFileType = sourcecode.c.objc; path = sortAndFilterViewController.m; sourceTree = "<group>"; };
		33ED6D9822B86EC100DE3003 /* WechatIMG43.jpeg */ = {isa = PBXFileReference; lastKnownFileType = image.jpeg; path = WechatIMG43.jpeg; sourceTree = "<group>"; };
		33ED6D9A22B8718100DE3003 /* backArrow.h */ = {isa = PBXFileReference; lastKnownFileType = sourcecode.c.h; path = backArrow.h; sourceTree = "<group>"; };
		33ED6D9B22B8718100DE3003 /* backArrow.m */ = {isa = PBXFileReference; lastKnownFileType = sourcecode.c.objc; path = backArrow.m; sourceTree = "<group>"; };
		33ED6DDA22BA22B000DE3003 /* swyManage.h */ = {isa = PBXFileReference; lastKnownFileType = sourcecode.c.h; path = swyManage.h; sourceTree = "<group>"; };
		33ED6DDB22BA22B000DE3003 /* swyManage.m */ = {isa = PBXFileReference; lastKnownFileType = sourcecode.c.objc; path = swyManage.m; sourceTree = "<group>"; };
		33ED6DDD22BA2DF200DE3003 /* WechatIMG45.jpeg */ = {isa = PBXFileReference; lastKnownFileType = image.jpeg; path = WechatIMG45.jpeg; sourceTree = "<group>"; };
		33ED6DDF22BA356D00DE3003 /* heightSetCell.h */ = {isa = PBXFileReference; lastKnownFileType = sourcecode.c.h; path = heightSetCell.h; sourceTree = "<group>"; };
		33ED6DE022BA356D00DE3003 /* heightSetCell.m */ = {isa = PBXFileReference; lastKnownFileType = sourcecode.c.objc; path = heightSetCell.m; sourceTree = "<group>"; };
		33ED6DE122BA356D00DE3003 /* heightSetCell.xib */ = {isa = PBXFileReference; lastKnownFileType = file.xib; path = heightSetCell.xib; sourceTree = "<group>"; };
		33ED6DE422BA462800DE3003 /* IMG_61332.JPG */ = {isa = PBXFileReference; lastKnownFileType = image.jpeg; path = IMG_61332.JPG; sourceTree = "<group>"; };
		33ED6DE822BA547500DE3003 /* launchView.xib */ = {isa = PBXFileReference; lastKnownFileType = file.xib; path = launchView.xib; sourceTree = "<group>"; };
		33ED6E4022BCA3B100DE3003 /* swy.pch */ = {isa = PBXFileReference; lastKnownFileType = sourcecode.c.h; path = swy.pch; sourceTree = "<group>"; };
		33ED6E4122BCA3C600DE3003 /* define.h */ = {isa = PBXFileReference; lastKnownFileType = sourcecode.c.h; path = define.h; sourceTree = "<group>"; };
		33ED6E4222BF172000DE3003 /* webViewController.h */ = {isa = PBXFileReference; lastKnownFileType = sourcecode.c.h; path = webViewController.h; sourceTree = "<group>"; };
		33ED6E4322BF172000DE3003 /* webViewController.m */ = {isa = PBXFileReference; lastKnownFileType = sourcecode.c.objc; path = webViewController.m; sourceTree = "<group>"; };
		33ED6E5222C1EA8E00DE3003 /* TFHppleElement.h */ = {isa = PBXFileReference; fileEncoding = 4; lastKnownFileType = sourcecode.c.h; path = TFHppleElement.h; sourceTree = "<group>"; };
		33ED6E5322C1EA8E00DE3003 /* TFHpple.m */ = {isa = PBXFileReference; fileEncoding = 4; lastKnownFileType = sourcecode.c.objc; path = TFHpple.m; sourceTree = "<group>"; };
		33ED6E5422C1EA8E00DE3003 /* XPathQuery.h */ = {isa = PBXFileReference; fileEncoding = 4; lastKnownFileType = sourcecode.c.h; path = XPathQuery.h; sourceTree = "<group>"; };
		33ED6E5522C1EA8E00DE3003 /* TFHpple.h */ = {isa = PBXFileReference; fileEncoding = 4; lastKnownFileType = sourcecode.c.h; path = TFHpple.h; sourceTree = "<group>"; };
		33ED6E5622C1EA8E00DE3003 /* TFHppleElement.m */ = {isa = PBXFileReference; fileEncoding = 4; lastKnownFileType = sourcecode.c.objc; path = TFHppleElement.m; sourceTree = "<group>"; };
		33ED6E5722C1EA8E00DE3003 /* XPathQuery.m */ = {isa = PBXFileReference; fileEncoding = 4; lastKnownFileType = sourcecode.c.objc; path = XPathQuery.m; sourceTree = "<group>"; };
		33ED6E5F22C20EF200DE3003 /* TFHppleElement+swy.h */ = {isa = PBXFileReference; lastKnownFileType = sourcecode.c.h; path = "TFHppleElement+swy.h"; sourceTree = "<group>"; };
		33ED6E6022C20EF200DE3003 /* TFHppleElement+swy.m */ = {isa = PBXFileReference; lastKnownFileType = sourcecode.c.objc; path = "TFHppleElement+swy.m"; sourceTree = "<group>"; };
		502B5C77CCAFAA37D465305C /* libPods-swy.a */ = {isa = PBXFileReference; explicitFileType = archive.ar; includeInIndex = 0; path = "libPods-swy.a"; sourceTree = BUILT_PRODUCTS_DIR; };
		7099768B4DCDB07B1B11898D /* Pods-swy.release.xcconfig */ = {isa = PBXFileReference; includeInIndex = 1; lastKnownFileType = text.xcconfig; name = "Pods-swy.release.xcconfig"; path = "Pods/Target Support Files/Pods-swy/Pods-swy.release.xcconfig"; sourceTree = "<group>"; };
		87E76EA222AE9FAA005E4EFE /* customerListViewController.h */ = {isa = PBXFileReference; lastKnownFileType = sourcecode.c.h; path = customerListViewController.h; sourceTree = "<group>"; };
		87E76EA322AE9FAA005E4EFE /* customerListViewController.m */ = {isa = PBXFileReference; lastKnownFileType = sourcecode.c.objc; path = customerListViewController.m; sourceTree = "<group>"; };
		87E76EA422AE9FAA005E4EFE /* customerListViewController.xib */ = {isa = PBXFileReference; lastKnownFileType = file.xib; path = customerListViewController.xib; sourceTree = "<group>"; };
		87E76EA722AEA35A005E4EFE /* loginViewController.h */ = {isa = PBXFileReference; lastKnownFileType = sourcecode.c.h; path = loginViewController.h; sourceTree = "<group>"; };
		87E76EA822AEA35A005E4EFE /* loginViewController.m */ = {isa = PBXFileReference; lastKnownFileType = sourcecode.c.objc; path = loginViewController.m; sourceTree = "<group>"; };
		87E76EA922AEA35A005E4EFE /* loginViewController.xib */ = {isa = PBXFileReference; lastKnownFileType = file.xib; path = loginViewController.xib; sourceTree = "<group>"; };
		90EAA85E2C17FA4427A5EA93 /* Pods-swy.debug.xcconfig */ = {isa = PBXFileReference; includeInIndex = 1; lastKnownFileType = text.xcconfig; name = "Pods-swy.debug.xcconfig"; path = "Pods/Target Support Files/Pods-swy/Pods-swy.debug.xcconfig"; sourceTree = "<group>"; };
/* End PBXFileReference section */

/* Begin PBXFrameworksBuildPhase section */
		334F9B882282D409000652CD /* Frameworks */ = {
			isa = PBXFrameworksBuildPhase;
			buildActionMask = 2147483647;
			files = (
				33CA548F22ADF4C300C1F8D9 /* libxml2.tbd in Frameworks */,
				6EADDE334D7B48A539B200D5 /* libPods-swy.a in Frameworks */,
			);
			runOnlyForDeploymentPostprocessing = 0;
		};
/* End PBXFrameworksBuildPhase section */

/* Begin PBXGroup section */
		0D3F9951C5926D0071E89B3A /* Pods */ = {
			isa = PBXGroup;
			children = (
				90EAA85E2C17FA4427A5EA93 /* Pods-swy.debug.xcconfig */,
				7099768B4DCDB07B1B11898D /* Pods-swy.release.xcconfig */,
			);
			name = Pods;
			sourceTree = "<group>";
		};
		334F9B822282D409000652CD = {
			isa = PBXGroup;
			children = (
				334F9B8D2282D409000652CD /* swy */,
				334F9B8C2282D409000652CD /* Products */,
				33CA548D22ADF4C300C1F8D9 /* Frameworks */,
				0D3F9951C5926D0071E89B3A /* Pods */,
			);
			sourceTree = "<group>";
		};
		334F9B8C2282D409000652CD /* Products */ = {
			isa = PBXGroup;
			children = (
				334F9B8B2282D409000652CD /* swy.app */,
			);
			name = Products;
			sourceTree = "<group>";
		};
		334F9B8D2282D409000652CD /* swy */ = {
			isa = PBXGroup;
			children = (
				33ED6E5122C1EA8E00DE3003 /* hpple */,
				33ED6E4622C076CB00DE3003 /* base */,
				33ED6E4522C0766F00DE3003 /* login */,
				33ED6D4322B7295D00DE3003 /* customerList */,
				33ED6D4222B7294B00DE3003 /* setting */,
				33D1677722B1E824003EEE4F /* SDWebImage */,
				334F9B8E2282D409000652CD /* AppDelegate.h */,
				334F9B8F2282D409000652CD /* AppDelegate.m */,
				33ED6DDA22BA22B000DE3003 /* swyManage.h */,
				33ED6DDB22BA22B000DE3003 /* swyManage.m */,
				33ED6E5F22C20EF200DE3003 /* TFHppleElement+swy.h */,
				33ED6E6022C20EF200DE3003 /* TFHppleElement+swy.m */,
				33ED6DE822BA547500DE3003 /* launchView.xib */,
				33ED6E4122BCA3C600DE3003 /* define.h */,
				33ED6E4022BCA3B100DE3003 /* swy.pch */,
				334F9B9D2282D40B000652CD /* main.m */,
				334F9B9C2282D40B000652CD /* Info.plist */,
				33ED6D4422B7297D00DE3003 /* Resource */,
			);
			path = swy;
			sourceTree = "<group>";
		};
		33CA548D22ADF4C300C1F8D9 /* Frameworks */ = {
			isa = PBXGroup;
			children = (
				33CA549022ADF4CD00C1F8D9 /* libxml2.2.tbd */,
				33CA548E22ADF4C300C1F8D9 /* libxml2.tbd */,
				502B5C77CCAFAA37D465305C /* libPods-swy.a */,
			);
			name = Frameworks;
			sourceTree = "<group>";
		};
		33D1677722B1E824003EEE4F /* SDWebImage */ = {
			isa = PBXGroup;
			children = (
				33D1677822B1E824003EEE4F /* LICENSE */,
				33D1677922B1E824003EEE4F /* SDWebImage */,
			);
			path = SDWebImage;
			sourceTree = "<group>";
		};
		33D1677922B1E824003EEE4F /* SDWebImage */ = {
			isa = PBXGroup;
			children = (
				33D1677A22B1E824003EEE4F /* UIImageView+WebCache.h */,
				33D1677B22B1E824003EEE4F /* NSData+ImageContentType.h */,
				33D1677C22B1E824003EEE4F /* SDWebImageManager.m */,
				33D1677D22B1E824003EEE4F /* SDWebImageDecoder.m */,
				33D1677E22B1E824003EEE4F /* SDWebImageDownloaderOperation.h */,
				33D1677F22B1E824003EEE4F /* UIImageView+HighlightedWebCache.m */,
				33D1678022B1E824003EEE4F /* SDImageCache.h */,
				33D1678122B1E824003EEE4F /* SDWebImageDownloader.m */,
				33D1678222B1E824003EEE4F /* UIImage+GIF.m */,
				33D1678322B1E824003EEE4F /* UIButton+WebCache.h */,
				33D1678422B1E824003EEE4F /* UIImage+MultiFormat.m */,
				33D1678522B1E824003EEE4F /* SDWebImageCompat.m */,
				33D1678622B1E824003EEE4F /* SDWebImagePrefetcher.m */,
				33D1678722B1E824003EEE4F /* UIView+WebCacheOperation.h */,
				33D1678822B1E824003EEE4F /* SDImageCache.m */,
				33D1678922B1E824003EEE4F /* UIImageView+HighlightedWebCache.h */,
				33D1678A22B1E824003EEE4F /* SDWebImageDownloaderOperation.m */,
				33D1678B22B1E824003EEE4F /* SDWebImageDecoder.h */,
				33D1678C22B1E824003EEE4F /* SDWebImageManager.h */,
				33D1678D22B1E824003EEE4F /* NSData+ImageContentType.m */,
				33D1678E22B1E824003EEE4F /* UIImageView+WebCache.m */,
				33D1678F22B1E824003EEE4F /* SDWebImageOperation.h */,
				33D1679022B1E824003EEE4F /* SDWebImageDownloader.h */,
				33D1679122B1E824003EEE4F /* UIView+WebCacheOperation.m */,
				33D1679222B1E824003EEE4F /* SDWebImagePrefetcher.h */,
				33D1679322B1E824003EEE4F /* SDWebImageCompat.h */,
				33D1679422B1E824003EEE4F /* UIImage+MultiFormat.h */,
				33D1679522B1E824003EEE4F /* UIButton+WebCache.m */,
				33D1679622B1E824003EEE4F /* UIImage+GIF.h */,
			);
			path = SDWebImage;
			sourceTree = "<group>";
		};
		33ED6D4222B7294B00DE3003 /* setting */ = {
			isa = PBXGroup;
			children = (
				33D1673922B0EE3E003EEE4F /* settingViewController.h */,
				33D1673A22B0EE3E003EEE4F /* settingViewController.m */,
				33ED6D4522B72A0700DE3003 /* heightSetViewController.h */,
				33ED6D4622B72A0700DE3003 /* heightSetViewController.m */,
				33ED6D4B22B72BEB00DE3003 /* sortAndFilterViewController.h */,
				33ED6D4C22B72BEB00DE3003 /* sortAndFilterViewController.m */,
				33ED6E4222BF172000DE3003 /* webViewController.h */,
				33ED6E4322BF172000DE3003 /* webViewController.m */,
				33ED6DDF22BA356D00DE3003 /* heightSetCell.h */,
				33ED6DE022BA356D00DE3003 /* heightSetCell.m */,
				33ED6DE122BA356D00DE3003 /* heightSetCell.xib */,
			);
			path = setting;
			sourceTree = "<group>";
		};
		33ED6D4322B7295D00DE3003 /* customerList */ = {
			isa = PBXGroup;
			children = (
				33A3F956230C078F001A58EB /* newRigisterCustomListVC.h */,
				33A3F957230C078F001A58EB /* newRigisterCustomListVC.m */,
				87E76EA222AE9FAA005E4EFE /* customerListViewController.h */,
				87E76EA322AE9FAA005E4EFE /* customerListViewController.m */,
				87E76EA422AE9FAA005E4EFE /* customerListViewController.xib */,
				33CA54C922AFB08C00C1F8D9 /* customerInfoCell.h */,
				33CA54CA22AFB08C00C1F8D9 /* customerInfoCell.m */,
				33CA54CB22AFB08C00C1F8D9 /* customerInfoCell.xib */,
			);
			path = customerList;
			sourceTree = "<group>";
		};
		33ED6D4422B7297D00DE3003 /* Resource */ = {
			isa = PBXGroup;
			children = (
				33A3F962230F7C03001A58EB /* newResult.html */,
				334F9B972282D40B000652CD /* Assets.xcassets */,
				33ED6DE422BA462800DE3003 /* IMG_61332.JPG */,
				33ED6DDD22BA2DF200DE3003 /* WechatIMG45.jpeg */,
				33ED6D9822B86EC100DE3003 /* WechatIMG43.jpeg */,
				33D167A622B1EA1D003EEE4F /* result.html */,
				33D167A822B1F4DA003EEE4F /* result2.html */,
				33D167AA22B1F4E5003EEE4F /* result3.html */,
				33D1670122B0A4EC003EEE4F /* detail2.html */,
				33D166FF22B09787003EEE4F /* detail.html */,
				33CA54C722AFA88700C1F8D9 /* customerList.html */,
				33A3F960230ECCC8001A58EB /* newDetail.html */,
				33A3F959230C0C3D001A58EB /* newCustomList.html */,
			);
			path = Resource;
			sourceTree = "<group>";
		};
		33ED6E4522C0766F00DE3003 /* login */ = {
			isa = PBXGroup;
			children = (
				87E76EA722AEA35A005E4EFE /* loginViewController.h */,
				87E76EA822AEA35A005E4EFE /* loginViewController.m */,
				87E76EA922AEA35A005E4EFE /* loginViewController.xib */,
				33D1673C22B0F1A1003EEE4F /* launchViewController.h */,
				33D1673D22B0F1A1003EEE4F /* launchViewController.m */,
				33D1673E22B0F1A1003EEE4F /* launchViewController.xib */,
			);
			path = login;
			sourceTree = "<group>";
		};
		33ED6E4622C076CB00DE3003 /* base */ = {
			isa = PBXGroup;
			children = (
				33D1670522B0CEEE003EEE4F /* NSMutableURLRequest+header.h */,
				33D1670622B0CEEE003EEE4F /* NSMutableURLRequest+header.m */,
				33ED6D9A22B8718100DE3003 /* backArrow.h */,
				33ED6D9B22B8718100DE3003 /* backArrow.m */,
				33ED6D4822B72A4800DE3003 /* baseViewController.h */,
				33ED6D4922B72A4800DE3003 /* baseViewController.m */,
			);
			path = base;
			sourceTree = "<group>";
		};
		33ED6E5122C1EA8E00DE3003 /* hpple */ = {
			isa = PBXGroup;
			children = (
				33ED6E5222C1EA8E00DE3003 /* TFHppleElement.h */,
				33ED6E5322C1EA8E00DE3003 /* TFHpple.m */,
				33ED6E5422C1EA8E00DE3003 /* XPathQuery.h */,
				33ED6E5522C1EA8E00DE3003 /* TFHpple.h */,
				33ED6E5622C1EA8E00DE3003 /* TFHppleElement.m */,
				33ED6E5722C1EA8E00DE3003 /* XPathQuery.m */,
			);
			path = hpple;
			sourceTree = "<group>";
		};
/* End PBXGroup section */

/* Begin PBXNativeTarget section */
		334F9B8A2282D409000652CD /* swy */ = {
			isa = PBXNativeTarget;
			buildConfigurationList = 334F9BB72282D40B000652CD /* Build configuration list for PBXNativeTarget "swy" */;
			buildPhases = (
				489F9CDF05555EEBF1BCA7EC /* [CP] Check Pods Manifest.lock */,
				334F9B872282D409000652CD /* Sources */,
				334F9B882282D409000652CD /* Frameworks */,
				334F9B892282D409000652CD /* Resources */,
				D9F8E797570423822F1AAA73 /* [CP] Embed Pods Frameworks */,
				864E79F5F74AFDB87B132355 /* [CP] Copy Pods Resources */,
			);
			buildRules = (
			);
			dependencies = (
			);
			name = swy;
			productName = DiyForSSH;
			productReference = 334F9B8B2282D409000652CD /* swy.app */;
			productType = "com.apple.product-type.application";
		};
/* End PBXNativeTarget section */

/* Begin PBXProject section */
		334F9B832282D409000652CD /* Project object */ = {
			isa = PBXProject;
			attributes = {
				LastUpgradeCheck = 1010;
				ORGANIZATIONNAME = panyuwen;
				TargetAttributes = {
					334F9B8A2282D409000652CD = {
						CreatedOnToolsVersion = 10.1;
					};
				};
			};
			buildConfigurationList = 334F9B862282D409000652CD /* Build configuration list for PBXProject "swy" */;
			compatibilityVersion = "Xcode 9.3";
			developmentRegion = en;
			hasScannedForEncodings = 0;
			knownRegions = (
				en,
				Base,
			);
			mainGroup = 334F9B822282D409000652CD;
			productRefGroup = 334F9B8C2282D409000652CD /* Products */;
			projectDirPath = "";
			projectRoot = "";
			targets = (
				334F9B8A2282D409000652CD /* swy */,
			);
		};
/* End PBXProject section */

/* Begin PBXResourcesBuildPhase section */
		334F9B892282D409000652CD /* Resources */ = {
			isa = PBXResourcesBuildPhase;
			buildActionMask = 2147483647;
			files = (
				33D167AB22B1F4E6003EEE4F /* result3.html in Resources */,
				33D167A722B1EA1D003EEE4F /* result.html in Resources */,
				33D167A922B1F4DA003EEE4F /* result2.html in Resources */,
				33ED6D9922B86EC100DE3003 /* WechatIMG43.jpeg in Resources */,
				33D1679722B1E824003EEE4F /* LICENSE in Resources */,
				33D1674022B0F1A1003EEE4F /* launchViewController.xib in Resources */,
				87E76EAB22AEA35A005E4EFE /* loginViewController.xib in Resources */,
				33CA54C822AFA88700C1F8D9 /* customerList.html in Resources */,
				33D1670222B0A4EC003EEE4F /* detail2.html in Resources */,
				33ED6DE522BA462800DE3003 /* IMG_61332.JPG in Resources */,
				33CA54CD22AFB08C00C1F8D9 /* customerInfoCell.xib in Resources */,
				33D1670022B09787003EEE4F /* detail.html in Resources */,
				33A3F95A230C0C3D001A58EB /* newCustomList.html in Resources */,
				33ED6DDE22BA2DF200DE3003 /* WechatIMG45.jpeg in Resources */,
				33A3F961230ECCC8001A58EB /* newDetail.html in Resources */,
				33ED6DE922BA547500DE3003 /* launchView.xib in Resources */,
				33ED6DE322BA356D00DE3003 /* heightSetCell.xib in Resources */,
				87E76EA622AE9FAA005E4EFE /* customerListViewController.xib in Resources */,
				33A3F963230F7C03001A58EB /* newResult.html in Resources */,
				334F9B982282D40B000652CD /* Assets.xcassets in Resources */,
			);
			runOnlyForDeploymentPostprocessing = 0;
		};
/* End PBXResourcesBuildPhase section */

/* Begin PBXShellScriptBuildPhase section */
		489F9CDF05555EEBF1BCA7EC /* [CP] Check Pods Manifest.lock */ = {
			isa = PBXShellScriptBuildPhase;
			buildActionMask = 2147483647;
			files = (
			);
			inputFileListPaths = (
			);
			inputPaths = (
			);
			name = "[CP] Check Pods Manifest.lock";
			outputFileListPaths = (
			);
			outputPaths = (
			);
			runOnlyForDeploymentPostprocessing = 0;
			shellPath = /bin/sh;
			shellScript = "diff \"${PODS_ROOT}/../Podfile.lock\" \"${PODS_ROOT}/Manifest.lock\" > /dev/null\nif [ $? != 0 ] ; then\n    # print error to STDERR\n    echo \"error: The sandbox is not in sync with the Podfile.lock. Run 'pod install' or update your CocoaPods installation.\" >&2\n    exit 1\nfi\n";
			showEnvVarsInLog = 0;
		};
		864E79F5F74AFDB87B132355 /* [CP] Copy Pods Resources */ = {
			isa = PBXShellScriptBuildPhase;
			buildActionMask = 2147483647;
			files = (
			);
			inputFileListPaths = (
			);
			inputPaths = (
			);
			name = "[CP] Copy Pods Resources";
			outputFileListPaths = (
			);
			outputPaths = (
			);
			runOnlyForDeploymentPostprocessing = 0;
			shellPath = /bin/sh;
			shellScript = "\"${SRCROOT}/Pods/Target Support Files/Pods-swy/Pods-swy-resources.sh\"\n";
			showEnvVarsInLog = 0;
		};
		D9F8E797570423822F1AAA73 /* [CP] Embed Pods Frameworks */ = {
			isa = PBXShellScriptBuildPhase;
			buildActionMask = 2147483647;
			files = (
			);
			inputFileListPaths = (
			);
			inputPaths = (
			);
			name = "[CP] Embed Pods Frameworks";
			outputFileListPaths = (
			);
			outputPaths = (
			);
			runOnlyForDeploymentPostprocessing = 0;
			shellPath = /bin/sh;
			shellScript = "\"${SRCROOT}/Pods/Target Support Files/Pods-swy/Pods-swy-frameworks.sh\"\n";
			showEnvVarsInLog = 0;
		};
/* End PBXShellScriptBuildPhase section */

/* Begin PBXSourcesBuildPhase section */
		334F9B872282D409000652CD /* Sources */ = {
			isa = PBXSourcesBuildPhase;
			buildActionMask = 2147483647;
			files = (
				33ED6D4D22B72BEB00DE3003 /* sortAndFilterViewController.m in Sources */,
				33ED6DE222BA356D00DE3003 /* heightSetCell.m in Sources */,
				33ED6E5A22C1EA8E00DE3003 /* XPathQuery.m in Sources */,
				33D1679F22B1E824003EEE4F /* SDWebImagePrefetcher.m in Sources */,
				33D1679822B1E824003EEE4F /* SDWebImageManager.m in Sources */,
				33ED6D9C22B8718100DE3003 /* backArrow.m in Sources */,
				33ED6E4422BF172000DE3003 /* webViewController.m in Sources */,
				33D167A122B1E824003EEE4F /* SDWebImageDownloaderOperation.m in Sources */,
				334F9B9E2282D40B000652CD /* main.m in Sources */,
				33D1673F22B0F1A1003EEE4F /* launchViewController.m in Sources */,
				33ED6DDC22BA22B000DE3003 /* swyManage.m in Sources */,
				33D167A422B1E824003EEE4F /* UIView+WebCacheOperation.m in Sources */,
				33D1679D22B1E824003EEE4F /* UIImage+MultiFormat.m in Sources */,
				33A3F958230C078F001A58EB /* newRigisterCustomListVC.m in Sources */,
				33D1679E22B1E824003EEE4F /* SDWebImageCompat.m in Sources */,
				33D167A322B1E824003EEE4F /* UIImageView+WebCache.m in Sources */,
				33ED6D4A22B72A4800DE3003 /* baseViewController.m in Sources */,
				33ED6E5922C1EA8E00DE3003 /* TFHppleElement.m in Sources */,
				33D1679C22B1E824003EEE4F /* UIImage+GIF.m in Sources */,
				33D1670722B0CEEE003EEE4F /* NSMutableURLRequest+header.m in Sources */,
				33D167A022B1E824003EEE4F /* SDImageCache.m in Sources */,
				87E76EAA22AEA35A005E4EFE /* loginViewController.m in Sources */,
				33D1679A22B1E824003EEE4F /* UIImageView+HighlightedWebCache.m in Sources */,
				33D1673B22B0EE3E003EEE4F /* settingViewController.m in Sources */,
				87E76EA522AE9FAA005E4EFE /* customerListViewController.m in Sources */,
				33D1679922B1E824003EEE4F /* SDWebImageDecoder.m in Sources */,
				33D167A522B1E824003EEE4F /* UIButton+WebCache.m in Sources */,
				33CA54CC22AFB08C00C1F8D9 /* customerInfoCell.m in Sources */,
				33ED6E6122C20EF200DE3003 /* TFHppleElement+swy.m in Sources */,
				33ED6E5822C1EA8E00DE3003 /* TFHpple.m in Sources */,
				334F9B902282D409000652CD /* AppDelegate.m in Sources */,
				33D167A222B1E824003EEE4F /* NSData+ImageContentType.m in Sources */,
				33D1679B22B1E824003EEE4F /* SDWebImageDownloader.m in Sources */,
				33ED6D4722B72A0700DE3003 /* heightSetViewController.m in Sources */,
			);
			runOnlyForDeploymentPostprocessing = 0;
		};
/* End PBXSourcesBuildPhase section */

/* Begin XCBuildConfiguration section */
		334F9BB52282D40B000652CD /* Debug */ = {
			isa = XCBuildConfiguration;
			buildSettings = {
				ALWAYS_SEARCH_USER_PATHS = NO;
				CLANG_ANALYZER_NONNULL = YES;
				CLANG_ANALYZER_NUMBER_OBJECT_CONVERSION = YES_AGGRESSIVE;
				CLANG_CXX_LANGUAGE_STANDARD = "gnu++14";
				CLANG_CXX_LIBRARY = "libc++";
				CLANG_ENABLE_MODULES = YES;
				CLANG_ENABLE_OBJC_ARC = YES;
				CLANG_ENABLE_OBJC_WEAK = YES;
				CLANG_WARN_BLOCK_CAPTURE_AUTORELEASING = YES;
				CLANG_WARN_BOOL_CONVERSION = YES;
				CLANG_WARN_COMMA = YES;
				CLANG_WARN_CONSTANT_CONVERSION = YES;
				CLANG_WARN_DEPRECATED_OBJC_IMPLEMENTATIONS = YES;
				CLANG_WARN_DIRECT_OBJC_ISA_USAGE = YES_ERROR;
				CLANG_WARN_DOCUMENTATION_COMMENTS = YES;
				CLANG_WARN_EMPTY_BODY = YES;
				CLANG_WARN_ENUM_CONVERSION = YES;
				CLANG_WARN_INFINITE_RECURSION = YES;
				CLANG_WARN_INT_CONVERSION = YES;
				CLANG_WARN_NON_LITERAL_NULL_CONVERSION = YES;
				CLANG_WARN_OBJC_IMPLICIT_RETAIN_SELF = YES;
				CLANG_WARN_OBJC_LITERAL_CONVERSION = YES;
				CLANG_WARN_OBJC_ROOT_CLASS = YES_ERROR;
				CLANG_WARN_RANGE_LOOP_ANALYSIS = YES;
				CLANG_WARN_STRICT_PROTOTYPES = YES;
				CLANG_WARN_SUSPICIOUS_MOVE = YES;
				CLANG_WARN_UNGUARDED_AVAILABILITY = YES_AGGRESSIVE;
				CLANG_WARN_UNREACHABLE_CODE = YES;
				CLANG_WARN__DUPLICATE_METHOD_MATCH = YES;
				CODE_SIGN_IDENTITY = "iPhone Developer";
				COPY_PHASE_STRIP = NO;
				DEBUG_INFORMATION_FORMAT = dwarf;
				ENABLE_STRICT_OBJC_MSGSEND = YES;
				ENABLE_TESTABILITY = YES;
				GCC_C_LANGUAGE_STANDARD = gnu11;
				GCC_DYNAMIC_NO_PIC = NO;
				GCC_NO_COMMON_BLOCKS = YES;
				GCC_OPTIMIZATION_LEVEL = 0;
				GCC_PREPROCESSOR_DEFINITIONS = (
					"DEBUG=1",
					"$(inherited)",
				);
				GCC_WARN_64_TO_32_BIT_CONVERSION = YES;
				GCC_WARN_ABOUT_RETURN_TYPE = YES_ERROR;
				GCC_WARN_UNDECLARED_SELECTOR = YES;
				GCC_WARN_UNINITIALIZED_AUTOS = YES_AGGRESSIVE;
				GCC_WARN_UNUSED_FUNCTION = YES;
				GCC_WARN_UNUSED_VARIABLE = YES;
				IPHONEOS_DEPLOYMENT_TARGET = 12.1;
				MTL_ENABLE_DEBUG_INFO = INCLUDE_SOURCE;
				MTL_FAST_MATH = YES;
				ONLY_ACTIVE_ARCH = YES;
				SDKROOT = iphoneos;
			};
			name = Debug;
		};
		334F9BB62282D40B000652CD /* Release */ = {
			isa = XCBuildConfiguration;
			buildSettings = {
				ALWAYS_SEARCH_USER_PATHS = NO;
				CLANG_ANALYZER_NONNULL = YES;
				CLANG_ANALYZER_NUMBER_OBJECT_CONVERSION = YES_AGGRESSIVE;
				CLANG_CXX_LANGUAGE_STANDARD = "gnu++14";
				CLANG_CXX_LIBRARY = "libc++";
				CLANG_ENABLE_MODULES = YES;
				CLANG_ENABLE_OBJC_ARC = YES;
				CLANG_ENABLE_OBJC_WEAK = YES;
				CLANG_WARN_BLOCK_CAPTURE_AUTORELEASING = YES;
				CLANG_WARN_BOOL_CONVERSION = YES;
				CLANG_WARN_COMMA = YES;
				CLANG_WARN_CONSTANT_CONVERSION = YES;
				CLANG_WARN_DEPRECATED_OBJC_IMPLEMENTATIONS = YES;
				CLANG_WARN_DIRECT_OBJC_ISA_USAGE = YES_ERROR;
				CLANG_WARN_DOCUMENTATION_COMMENTS = YES;
				CLANG_WARN_EMPTY_BODY = YES;
				CLANG_WARN_ENUM_CONVERSION = YES;
				CLANG_WARN_INFINITE_RECURSION = YES;
				CLANG_WARN_INT_CONVERSION = YES;
				CLANG_WARN_NON_LITERAL_NULL_CONVERSION = YES;
				CLANG_WARN_OBJC_IMPLICIT_RETAIN_SELF = YES;
				CLANG_WARN_OBJC_LITERAL_CONVERSION = YES;
				CLANG_WARN_OBJC_ROOT_CLASS = YES_ERROR;
				CLANG_WARN_RANGE_LOOP_ANALYSIS = YES;
				CLANG_WARN_STRICT_PROTOTYPES = YES;
				CLANG_WARN_SUSPICIOUS_MOVE = YES;
				CLANG_WARN_UNGUARDED_AVAILABILITY = YES_AGGRESSIVE;
				CLANG_WARN_UNREACHABLE_CODE = YES;
				CLANG_WARN__DUPLICATE_METHOD_MATCH = YES;
				CODE_SIGN_IDENTITY = "iPhone Developer";
				COPY_PHASE_STRIP = NO;
				DEBUG_INFORMATION_FORMAT = "dwarf-with-dsym";
				ENABLE_NS_ASSERTIONS = NO;
				ENABLE_STRICT_OBJC_MSGSEND = YES;
				GCC_C_LANGUAGE_STANDARD = gnu11;
				GCC_NO_COMMON_BLOCKS = YES;
				GCC_WARN_64_TO_32_BIT_CONVERSION = YES;
				GCC_WARN_ABOUT_RETURN_TYPE = YES_ERROR;
				GCC_WARN_UNDECLARED_SELECTOR = YES;
				GCC_WARN_UNINITIALIZED_AUTOS = YES_AGGRESSIVE;
				GCC_WARN_UNUSED_FUNCTION = YES;
				GCC_WARN_UNUSED_VARIABLE = YES;
				IPHONEOS_DEPLOYMENT_TARGET = 12.1;
				MTL_ENABLE_DEBUG_INFO = NO;
				MTL_FAST_MATH = YES;
				SDKROOT = iphoneos;
				VALIDATE_PRODUCT = YES;
			};
			name = Release;
		};
		334F9BB82282D40B000652CD /* Debug */ = {
			isa = XCBuildConfiguration;
			baseConfigurationReference = 90EAA85E2C17FA4427A5EA93 /* Pods-swy.debug.xcconfig */;
			buildSettings = {
				ASSETCATALOG_COMPILER_APPICON_NAME = AppIcon;
				CODE_SIGN_IDENTITY = "iPhone Developer";
				CODE_SIGN_STYLE = Automatic;
				DEVELOPMENT_TEAM = 23QFVZ76JZ;
				FRAMEWORK_SEARCH_PATHS = (
					"$(inherited)",
					"$(PROJECT_DIR)/DiyForSSH/YYImage/Vendor",
				);
				GCC_PREFIX_HEADER = swy/swy.pch;
				HEADER_SEARCH_PATHS = "${SDK_ROOT}/usr/include/libxml2";
				INFOPLIST_FILE = "$(SRCROOT)/swy/Info.plist";
				IPHONEOS_DEPLOYMENT_TARGET = 12.0;
				LD_RUNPATH_SEARCH_PATHS = (
					"$(inherited)",
					"@executable_path/Frameworks",
				);
				PRODUCT_BUNDLE_IDENTIFIER = sanwenyu1.DiyForSSH.com;
				PRODUCT_NAME = "$(TARGET_NAME)";
				PROVISIONING_PROFILE_SPECIFIER = "";
				TARGETED_DEVICE_FAMILY = 1;
			};
			name = Debug;
		};
		334F9BB92282D40B000652CD /* Release */ = {
			isa = XCBuildConfiguration;
			baseConfigurationReference = 7099768B4DCDB07B1B11898D /* Pods-swy.release.xcconfig */;
			buildSettings = {
				ASSETCATALOG_COMPILER_APPICON_NAME = AppIcon;
				CODE_SIGN_IDENTITY = "iPhone Developer";
				CODE_SIGN_STYLE = Automatic;
				DEVELOPMENT_TEAM = 23QFVZ76JZ;
				FRAMEWORK_SEARCH_PATHS = (
					"$(inherited)",
					"$(PROJECT_DIR)/DiyForSSH/YYImage/Vendor",
				);
				GCC_PREFIX_HEADER = swy/swy.pch;
				HEADER_SEARCH_PATHS = "${SDK_ROOT}/usr/include/libxml2";
				INFOPLIST_FILE = "$(SRCROOT)/swy/Info.plist";
				IPHONEOS_DEPLOYMENT_TARGET = 12.0;
				LD_RUNPATH_SEARCH_PATHS = (
					"$(inherited)",
					"@executable_path/Frameworks",
				);
				PRODUCT_BUNDLE_IDENTIFIER = sanwenyu1.DiyForSSH.com;
				PRODUCT_NAME = "$(TARGET_NAME)";
				PROVISIONING_PROFILE_SPECIFIER = "";
				TARGETED_DEVICE_FAMILY = 1;
			};
			name = Release;
		};
/* End XCBuildConfiguration section */

/* Begin XCConfigurationList section */
		334F9B862282D409000652CD /* Build configuration list for PBXProject "swy" */ = {
			isa = XCConfigurationList;
			buildConfigurations = (
				334F9BB52282D40B000652CD /* Debug */,
				334F9BB62282D40B000652CD /* Release */,
			);
			defaultConfigurationIsVisible = 0;
			defaultConfigurationName = Release;
		};
		334F9BB72282D40B000652CD /* Build configuration list for PBXNativeTarget "swy" */ = {
			isa = XCConfigurationList;
			buildConfigurations = (
				334F9BB82282D40B000652CD /* Debug */,
				334F9BB92282D40B000652CD /* Release */,
			);
			defaultConfigurationIsVisible = 0;
			defaultConfigurationName = Release;
		};
/* End XCConfigurationList section */
	};
	rootObject = 334F9B832282D409000652CD /* Project object */;
}
